
Microsoft Visual Studio Solution File, Format Version 12.00
# Visual Studio Version 17
VisualStudioVersion = 17.5.33516.290
MinimumVisualStudioVersion = 10.0.40219.1
Project("{FAE04EC0-301F-11D3-BF4B-00C04F79EFBC}") = "FileDirOpdracht", "FileDirOpdracht\FileDirOpdracht.csproj", "{9E5EF0F4-6FD3-45DF-83D7-A4EE99F39699}"
EndProject
Global
	GlobalSection(SolutionConfigurationPlatforms) = preSolution
		Debug|Any CPU = Debug|Any CPU
		Release|Any CPU = Release|Any CPU
	EndGlobalSection
	GlobalSection(ProjectConfigurationPlatforms) = postSolution
		{9E5EF0F4-6FD3-45DF-83D7-A4EE99F39699}.Debug|Any CPU.ActiveCfg = Debug|Any CPU
		{9E5EF0F4-6FD3-45DF-83D7-A4EE99F39699}.Debug|Any CPU.Build.0 = Debug|Any CPU
		{9E5EF0F4-6FD3-45DF-83D7-A4EE99F39699}.Release|Any CPU.ActiveCfg = Release|Any CPU
		{9E5EF0F4-6FD3-45DF-83D7-A4EE99F39699}.Release|Any CPU.Build.0 = Release|Any CPU
	EndGlobalSection
	GlobalSection(SolutionProperties) = preSolution
		HideSolutionNode = FALSE
	EndGlobalSection
	GlobalSection(ExtensibilityGlobals) = postSolution
		SolutionGuid = {46F196D7-78E7-449F-A226-7F7D31A4DBA3}
	EndGlobalSection
EndGlobal
